
Microsoft Visual Studio Solution File, Format Version 12.00
# Visual Studio 15
VisualStudioVersion = 15.0.28307.1831
MinimumVisualStudioVersion = 10.0.40219.1
Project("{FAE04EC0-301F-11D3-BF4B-00C04F79EFBC}") = "SimpleCrudProject", "SimpleCrudProject\SimpleCrudProject.csproj", "{8E3DD97A-5F87-4DAA-978A-20FC84A43505}"
EndProject
Global
	GlobalSection(SolutionConfigurationPlatforms) = preSolution
		Debug|Any CPU = Debug|Any CPU
		Release|Any CPU = Release|Any CPU
	EndGlobalSection
	GlobalSection(ProjectConfigurationPlatforms) = postSolution
		{8E3DD97A-5F87-4DAA-978A-20FC84A43505}.Debug|Any CPU.ActiveCfg = Debug|Any CPU
		{8E3DD97A-5F87-4DAA-978A-20FC84A43505}.Debug|Any CPU.Build.0 = Debug|Any CPU
		{8E3DD97A-5F87-4DAA-978A-20FC84A43505}.Release|Any CPU.ActiveCfg = Release|Any CPU
		{8E3DD97A-5F87-4DAA-978A-20FC84A43505}.Release|Any CPU.Build.0 = Release|Any CPU
	EndGlobalSection
	GlobalSection(SolutionProperties) = preSolution
		HideSolutionNode = FALSE
	EndGlobalSection
	GlobalSection(ExtensibilityGlobals) = postSolution
		SolutionGuid = {91B23D7F-E1AA-4B51-A3B9-A2353215583D}
	EndGlobalSection
EndGlobal
